
Microsoft Visual Studio Solution File, Format Version 12.00
# Visual Studio Version 16
VisualStudioVersion = 16.0.32407.337
MinimumVisualStudioVersion = 10.0.40219.1
Project("{FAE04EC0-301F-11D3-BF4B-00C04F79EFBC}") = "FizzBuzz", "FizzBuzz\FizzBuzz.csproj", "{3ED19CD6-7785-46C7-9688-941B13509A20}"
EndProject
Global
	GlobalSection(SolutionConfigurationPlatforms) = preSolution
		Debug|Any CPU = Debug|Any CPU
		Release|Any CPU = Release|Any CPU
	EndGlobalSection
	GlobalSection(ProjectConfigurationPlatforms) = postSolution
		{3ED19CD6-7785-46C7-9688-941B13509A20}.Debug|Any CPU.ActiveCfg = Debug|Any CPU
		{3ED19CD6-7785-46C7-9688-941B13509A20}.Debug|Any CPU.Build.0 = Debug|Any CPU
		{3ED19CD6-7785-46C7-9688-941B13509A20}.Release|Any CPU.ActiveCfg = Release|Any CPU
		{3ED19CD6-7785-46C7-9688-941B13509A20}.Release|Any CPU.Build.0 = Release|Any CPU
	EndGlobalSection
	GlobalSection(SolutionProperties) = preSolution
		HideSolutionNode = FALSE
	EndGlobalSection
	GlobalSection(ExtensibilityGlobals) = postSolution
		SolutionGuid = {E0C13F35-41C6-430C-AB41-8B64C131AB0F}
	EndGlobalSection
EndGlobal
